
Microsoft Visual Studio Solution File, Format Version 12.00
# Visual Studio Version 17
VisualStudioVersion = 17.10.35013.160
MinimumVisualStudioVersion = 10.0.40219.1
Project("{FAE04EC0-301F-11D3-BF4B-00C04F79EFBC}") = "Chatappapi", "Chatappapi.csproj", "{B3E7E8B0-7CFF-474E-A5AD-7EA9F7C5BE6D}"
EndProject
Global
	GlobalSection(SolutionConfigurationPlatforms) = preSolution
		Debug|Any CPU = Debug|Any CPU
		Release|Any CPU = Release|Any CPU
	EndGlobalSection
	GlobalSection(ProjectConfigurationPlatforms) = postSolution
		{B3E7E8B0-7CFF-474E-A5AD-7EA9F7C5BE6D}.Debug|Any CPU.ActiveCfg = Debug|Any CPU
		{B3E7E8B0-7CFF-474E-A5AD-7EA9F7C5BE6D}.Debug|Any CPU.Build.0 = Debug|Any CPU
		{B3E7E8B0-7CFF-474E-A5AD-7EA9F7C5BE6D}.Release|Any CPU.ActiveCfg = Release|Any CPU
		{B3E7E8B0-7CFF-474E-A5AD-7EA9F7C5BE6D}.Release|Any CPU.Build.0 = Release|Any CPU
	EndGlobalSection
	GlobalSection(SolutionProperties) = preSolution
		HideSolutionNode = FALSE
	EndGlobalSection
	GlobalSection(ExtensibilityGlobals) = postSolution
		SolutionGuid = {8F4154A2-639C-43AD-9027-27C9F1EFBC39}
	EndGlobalSection
EndGlobal
